schema: '2.0'
stages:
  train:
    cmd: python src/train.py --config-name=train experiment=catdog_ex trainer.max_epochs=5
    deps:
    - path: configs/experiment/catdog_ex.yaml
      hash: md5
      md5: ad94168a1c05864cfb3e00a31f159b94
      size: 857
    - path: src/train.py
      hash: md5
      md5: 553225eec1579b40ee5a0ca8ac2ef426
      size: 3143
    outs:
    - path: logs/train
      hash: md5
      md5: 6325fe6a91943190812ec7e278e9c3e5.dir
      size: 66505493
      nfiles: 10
  test:
    cmd: python src/eval.py --config-name=eval experiment=catdog_ex
    deps:
    - path: configs/experiment/catdog_ex.yaml
      hash: md5
      md5: ad94168a1c05864cfb3e00a31f159b94
      size: 857
    - path: src/eval.py
      hash: md5
      md5: eb792193ac4a76f15eb4b9e957eb2d54
      size: 3125
    outs:
    - path: logs/eval
      hash: md5
      md5: d1b6363612a1027f376f6284ced6a456.dir
      size: 23178
      nfiles: 9
  infer:
    cmd: python src/infer.py --config-name=infer experiment=catdog_ex
    deps:
    - path: configs/experiment/catdog_ex.yaml
      hash: md5
      md5: ad94168a1c05864cfb3e00a31f159b94
      size: 857
    - path: src/infer.py
      hash: md5
      md5: 8c0c92070320abac4a17e5c07931917e
      size: 4194
    outs:
    - path: logs/infer
      hash: md5
      md5: 97c2d94185727a90067bd369c5dddbc4.dir
      size: 8129
      nfiles: 7
  report_genration:
    cmd: python scripts/metrics_fetch.py
